
Microsoft Visual Studio Solution File, Format Version 12.00
# Visual Studio Version 17
VisualStudioVersion = 17.0.31919.166
MinimumVisualStudioVersion = 10.0.40219.1
Project("{9A19103F-16F7-4668-BE54-9A1E7A4F7556}") = "Luminous", "Luminous\Luminous.csproj", "{6DF4E803-4A65-424F-A35D-B897923E988D}"
EndProject
Project("{FAE04EC0-301F-11D3-BF4B-00C04F79EFBC}") = "DevTestBox", "DevTestBox\DevTestBox.csproj", "{389C39E5-DDD6-4E5E-B37B-A08F94B7772A}"
EndProject
Global
	GlobalSection(SolutionConfigurationPlatforms) = preSolution
		Debug|Any CPU = Debug|Any CPU
		Release|Any CPU = Release|Any CPU
	EndGlobalSection
	GlobalSection(ProjectConfigurationPlatforms) = postSolution
		{6DF4E803-4A65-424F-A35D-B897923E988D}.Debug|Any CPU.ActiveCfg = Debug|Any CPU
		{6DF4E803-4A65-424F-A35D-B897923E988D}.Debug|Any CPU.Build.0 = Debug|Any CPU
		{6DF4E803-4A65-424F-A35D-B897923E988D}.Release|Any CPU.ActiveCfg = Release|Any CPU
		{6DF4E803-4A65-424F-A35D-B897923E988D}.Release|Any CPU.Build.0 = Release|Any CPU
		{389C39E5-DDD6-4E5E-B37B-A08F94B7772A}.Debug|Any CPU.ActiveCfg = Debug|Any CPU
		{389C39E5-DDD6-4E5E-B37B-A08F94B7772A}.Debug|Any CPU.Build.0 = Debug|Any CPU
		{389C39E5-DDD6-4E5E-B37B-A08F94B7772A}.Release|Any CPU.ActiveCfg = Release|Any CPU
		{389C39E5-DDD6-4E5E-B37B-A08F94B7772A}.Release|Any CPU.Build.0 = Release|Any CPU
	EndGlobalSection
	GlobalSection(SolutionProperties) = preSolution
		HideSolutionNode = FALSE
	EndGlobalSection
	GlobalSection(ExtensibilityGlobals) = postSolution
		SolutionGuid = {78A18F5F-9361-471E-B529-2D91723D6023}
	EndGlobalSection
EndGlobal
